
Microsoft Visual Studio Solution File, Format Version 12.00
# Visual Studio Version 17
Project("{2150E333-8FDC-42A3-9474-1A3956D46DE8}") = "ADLplug-AE", "ADLplug-AE", "{75E11C1F-7537-364A-9174-F3FEDA40343F}"
EndProject
Project("{2150E333-8FDC-42A3-9474-1A3956D46DE8}") = "CMakePredefinedTargets", "CMakePredefinedTargets", "{A07C39C6-5D34-331C-A345-1E40F924B85E}"
EndProject
Project("{2150E333-8FDC-42A3-9474-1A3956D46DE8}") = "OPNplug-AE", "OPNplug-AE", "{D91CC4FE-0EE0-3E83-B120-B36C004C9AB9}"
EndProject
Project("{8BC9CEB8-8B4A-11D0-8D11-00A0C91BC942}") = "ALL_BUILD", "ALL_BUILD.vcxproj", "{05158B14-0821-340B-B01C-DAD1DFB2C93E}"
	ProjectSection(ProjectDependencies) = postProject
		{D1E30597-61F4-3E42-A2DB-DBB1AC195E03} = {D1E30597-61F4-3E42-A2DB-DBB1AC195E03}
		{3C34987E-C475-3062-B818-0C0265031468} = {3C34987E-C475-3062-B818-0C0265031468}
		{6D71A144-DA69-3D8C-9D2C-A3E3623CC7A7} = {6D71A144-DA69-3D8C-9D2C-A3E3623CC7A7}
		{402C4187-F65C-39BF-9D81-456BD8DFE0D6} = {402C4187-F65C-39BF-9D81-456BD8DFE0D6}
		{62A557C4-D61E-3556-ADB9-696B3CE7C1FB} = {62A557C4-D61E-3556-ADB9-696B3CE7C1FB}
		{4C5B0001-5F5D-3A7C-ACBD-009B8EEC9C33} = {4C5B0001-5F5D-3A7C-ACBD-009B8EEC9C33}
		{F8AA75F7-65CF-3129-B9FC-1B5D38A43D96} = {F8AA75F7-65CF-3129-B9FC-1B5D38A43D96}
		{E967E756-E59D-3CF2-8A1B-DB6CF9F5A45C} = {E967E756-E59D-3CF2-8A1B-DB6CF9F5A45C}
		{BA44D44D-3978-3C5E-81DE-4EDE289D679E} = {BA44D44D-3978-3C5E-81DE-4EDE289D679E}
		{496444E2-3782-3236-9EED-12D411571E72} = {496444E2-3782-3236-9EED-12D411571E72}
		{0208EA8D-C7F2-3F3F-86BC-60B6D41A7B8F} = {0208EA8D-C7F2-3F3F-86BC-60B6D41A7B8F}
		{A43B7D82-370A-31F8-9772-384583D7E447} = {A43B7D82-370A-31F8-9772-384583D7E447}
		{F850B190-C900-33D2-88B3-771D99777613} = {F850B190-C900-33D2-88B3-771D99777613}
		{137DDB8D-CB62-3256-963F-7879FCCBD36A} = {137DDB8D-CB62-3256-963F-7879FCCBD36A}
		{623212AE-CB92-3B93-BF61-E3514783480E} = {623212AE-CB92-3B93-BF61-E3514783480E}
		{B9FC82B4-8DFE-37B1-A49F-903041914669} = {B9FC82B4-8DFE-37B1-A49F-903041914669}
		{C8CDB591-9098-30DB-8DE2-A45F35D60445} = {C8CDB591-9098-30DB-8DE2-A45F35D60445}
		{8DF42FE6-A146-31DE-B310-0ABA7089DAE0} = {8DF42FE6-A146-31DE-B310-0ABA7089DAE0}
		{6F130E42-CCCB-3E5A-9F71-903269D77EC8} = {6F130E42-CCCB-3E5A-9F71-903269D77EC8}
	EndProjectSection
EndProject
Project("{8BC9CEB8-8B4A-11D0-8D11-00A0C91BC942}") = "ADLMIDI_static", "external\ADLplug\thirdparty\libADLMIDI\ADLMIDI_static.vcxproj", "{1F31A46A-C752-3FDA-9F17-5E373B4A8EE0}"
	ProjectSection(ProjectDependencies) = postProject
		{137DDB8D-CB62-3256-963F-7879FCCBD36A} = {137DDB8D-CB62-3256-963F-7879FCCBD36A}
	EndProjectSection
EndProject
Project("{8BC9CEB8-8B4A-11D0-8D11-00A0C91BC942}") = "ADLplug-AE", "ADLplug-AE.vcxproj", "{D1E30597-61F4-3E42-A2DB-DBB1AC195E03}"
	ProjectSection(ProjectDependencies) = postProject
		{1F31A46A-C752-3FDA-9F17-5E373B4A8EE0} = {1F31A46A-C752-3FDA-9F17-5E373B4A8EE0}
		{F8AA75F7-65CF-3129-B9FC-1B5D38A43D96} = {F8AA75F7-65CF-3129-B9FC-1B5D38A43D96}
		{137DDB8D-CB62-3256-963F-7879FCCBD36A} = {137DDB8D-CB62-3256-963F-7879FCCBD36A}
		{EEBB10C8-9141-3E3F-9B4F-FC09FE948100} = {EEBB10C8-9141-3E3F-9B4F-FC09FE948100}
		{C8CDB591-9098-30DB-8DE2-A45F35D60445} = {C8CDB591-9098-30DB-8DE2-A45F35D60445}
		{8DF42FE6-A146-31DE-B310-0ABA7089DAE0} = {8DF42FE6-A146-31DE-B310-0ABA7089DAE0}
	EndProjectSection
EndProject
Project("{8BC9CEB8-8B4A-11D0-8D11-00A0C91BC942}") = "ADLplug-AE_All", "ADLplug-AE_All.vcxproj", "{73FDA135-732D-3BBC-8A68-A62A171C1CC6}"
	ProjectSection(ProjectDependencies) = postProject
		{6D71A144-DA69-3D8C-9D2C-A3E3623CC7A7} = {6D71A144-DA69-3D8C-9D2C-A3E3623CC7A7}
		{402C4187-F65C-39BF-9D81-456BD8DFE0D6} = {402C4187-F65C-39BF-9D81-456BD8DFE0D6}
		{62A557C4-D61E-3556-ADB9-696B3CE7C1FB} = {62A557C4-D61E-3556-ADB9-696B3CE7C1FB}
		{137DDB8D-CB62-3256-963F-7879FCCBD36A} = {137DDB8D-CB62-3256-963F-7879FCCBD36A}
	EndProjectSection
EndProject
Project("{8BC9CEB8-8B4A-11D0-8D11-00A0C91BC942}") = "ADLplug-AE_CLAP", "ADLplug-AE_CLAP.vcxproj", "{3C34987E-C475-3062-B818-0C0265031468}"
	ProjectSection(ProjectDependencies) = postProject
		{1F31A46A-C752-3FDA-9F17-5E373B4A8EE0} = {1F31A46A-C752-3FDA-9F17-5E373B4A8EE0}
		{D1E30597-61F4-3E42-A2DB-DBB1AC195E03} = {D1E30597-61F4-3E42-A2DB-DBB1AC195E03}
		{F8AA75F7-65CF-3129-B9FC-1B5D38A43D96} = {F8AA75F7-65CF-3129-B9FC-1B5D38A43D96}
		{137DDB8D-CB62-3256-963F-7879FCCBD36A} = {137DDB8D-CB62-3256-963F-7879FCCBD36A}
		{EEBB10C8-9141-3E3F-9B4F-FC09FE948100} = {EEBB10C8-9141-3E3F-9B4F-FC09FE948100}
		{C8CDB591-9098-30DB-8DE2-A45F35D60445} = {C8CDB591-9098-30DB-8DE2-A45F35D60445}
		{8DF42FE6-A146-31DE-B310-0ABA7089DAE0} = {8DF42FE6-A146-31DE-B310-0ABA7089DAE0}
	EndProjectSection
EndProject
Project("{8BC9CEB8-8B4A-11D0-8D11-00A0C91BC942}") = "ADLplug-AE_LV2", "ADLplug-AE_LV2.vcxproj", "{6D71A144-DA69-3D8C-9D2C-A3E3623CC7A7}"
	ProjectSection(ProjectDependencies) = postProject
		{1F31A46A-C752-3FDA-9F17-5E373B4A8EE0} = {1F31A46A-C752-3FDA-9F17-5E373B4A8EE0}
		{D1E30597-61F4-3E42-A2DB-DBB1AC195E03} = {D1E30597-61F4-3E42-A2DB-DBB1AC195E03}
		{4C5B0001-5F5D-3A7C-ACBD-009B8EEC9C33} = {4C5B0001-5F5D-3A7C-ACBD-009B8EEC9C33}
		{F8AA75F7-65CF-3129-B9FC-1B5D38A43D96} = {F8AA75F7-65CF-3129-B9FC-1B5D38A43D96}
		{137DDB8D-CB62-3256-963F-7879FCCBD36A} = {137DDB8D-CB62-3256-963F-7879FCCBD36A}
		{EEBB10C8-9141-3E3F-9B4F-FC09FE948100} = {EEBB10C8-9141-3E3F-9B4F-FC09FE948100}
		{623212AE-CB92-3B93-BF61-E3514783480E} = {623212AE-CB92-3B93-BF61-E3514783480E}
		{C8CDB591-9098-30DB-8DE2-A45F35D60445} = {C8CDB591-9098-30DB-8DE2-A45F35D60445}
		{8DF42FE6-A146-31DE-B310-0ABA7089DAE0} = {8DF42FE6-A146-31DE-B310-0ABA7089DAE0}
	EndProjectSection
EndProject
Project("{8BC9CEB8-8B4A-11D0-8D11-00A0C91BC942}") = "ADLplug-AE_Standalone", "ADLplug-AE_Standalone.vcxproj", "{402C4187-F65C-39BF-9D81-456BD8DFE0D6}"
	ProjectSection(ProjectDependencies) = postProject
		{1F31A46A-C752-3FDA-9F17-5E373B4A8EE0} = {1F31A46A-C752-3FDA-9F17-5E373B4A8EE0}
		{D1E30597-61F4-3E42-A2DB-DBB1AC195E03} = {D1E30597-61F4-3E42-A2DB-DBB1AC195E03}
		{4C5B0001-5F5D-3A7C-ACBD-009B8EEC9C33} = {4C5B0001-5F5D-3A7C-ACBD-009B8EEC9C33}
		{F8AA75F7-65CF-3129-B9FC-1B5D38A43D96} = {F8AA75F7-65CF-3129-B9FC-1B5D38A43D96}
		{137DDB8D-CB62-3256-963F-7879FCCBD36A} = {137DDB8D-CB62-3256-963F-7879FCCBD36A}
		{EEBB10C8-9141-3E3F-9B4F-FC09FE948100} = {EEBB10C8-9141-3E3F-9B4F-FC09FE948100}
		{C8CDB591-9098-30DB-8DE2-A45F35D60445} = {C8CDB591-9098-30DB-8DE2-A45F35D60445}
		{8DF42FE6-A146-31DE-B310-0ABA7089DAE0} = {8DF42FE6-A146-31DE-B310-0ABA7089DAE0}
	EndProjectSection
EndProject
Project("{8BC9CEB8-8B4A-11D0-8D11-00A0C91BC942}") = "ADLplug-AE_VST3", "ADLplug-AE_VST3.vcxproj", "{62A557C4-D61E-3556-ADB9-696B3CE7C1FB}"
	ProjectSection(ProjectDependencies) = postProject
		{1F31A46A-C752-3FDA-9F17-5E373B4A8EE0} = {1F31A46A-C752-3FDA-9F17-5E373B4A8EE0}
		{D1E30597-61F4-3E42-A2DB-DBB1AC195E03} = {D1E30597-61F4-3E42-A2DB-DBB1AC195E03}
		{4C5B0001-5F5D-3A7C-ACBD-009B8EEC9C33} = {4C5B0001-5F5D-3A7C-ACBD-009B8EEC9C33}
		{F8AA75F7-65CF-3129-B9FC-1B5D38A43D96} = {F8AA75F7-65CF-3129-B9FC-1B5D38A43D96}
		{137DDB8D-CB62-3256-963F-7879FCCBD36A} = {137DDB8D-CB62-3256-963F-7879FCCBD36A}
		{EEBB10C8-9141-3E3F-9B4F-FC09FE948100} = {EEBB10C8-9141-3E3F-9B4F-FC09FE948100}
		{B9FC82B4-8DFE-37B1-A49F-903041914669} = {B9FC82B4-8DFE-37B1-A49F-903041914669}
		{C8CDB591-9098-30DB-8DE2-A45F35D60445} = {C8CDB591-9098-30DB-8DE2-A45F35D60445}
		{8DF42FE6-A146-31DE-B310-0ABA7089DAE0} = {8DF42FE6-A146-31DE-B310-0ABA7089DAE0}
	EndProjectSection
EndProject
Project("{8BC9CEB8-8B4A-11D0-8D11-00A0C91BC942}") = "ADLplug-AE_rc_lib", "ADLplug-AE_rc_lib.vcxproj", "{4C5B0001-5F5D-3A7C-ACBD-009B8EEC9C33}"
	ProjectSection(ProjectDependencies) = postProject
		{137DDB8D-CB62-3256-963F-7879FCCBD36A} = {137DDB8D-CB62-3256-963F-7879FCCBD36A}
	EndProjectSection
EndProject
Project("{8BC9CEB8-8B4A-11D0-8D11-00A0C91BC942}") = "ADLplug_fmt", "ADLplug_fmt.vcxproj", "{F8AA75F7-65CF-3129-B9FC-1B5D38A43D96}"
	ProjectSection(ProjectDependencies) = postProject
		{137DDB8D-CB62-3256-963F-7879FCCBD36A} = {137DDB8D-CB62-3256-963F-7879FCCBD36A}
	EndProjectSection
EndProject
Project("{8BC9CEB8-8B4A-11D0-8D11-00A0C91BC942}") = "INSTALL", "INSTALL.vcxproj", "{61D2CEEB-FDC3-3D67-9651-39E6F0708B15}"
	ProjectSection(ProjectDependencies) = postProject
		{05158B14-0821-340B-B01C-DAD1DFB2C93E} = {05158B14-0821-340B-B01C-DAD1DFB2C93E}
		{137DDB8D-CB62-3256-963F-7879FCCBD36A} = {137DDB8D-CB62-3256-963F-7879FCCBD36A}
	EndProjectSection
EndProject
Project("{8BC9CEB8-8B4A-11D0-8D11-00A0C91BC942}") = "OPNMIDI_static", "external\ADLplug\thirdparty\libOPNMIDI\OPNMIDI_static.vcxproj", "{3D7947AB-DEF8-3277-90A6-CF5772DD86A6}"
	ProjectSection(ProjectDependencies) = postProject
		{137DDB8D-CB62-3256-963F-7879FCCBD36A} = {137DDB8D-CB62-3256-963F-7879FCCBD36A}
	EndProjectSection
EndProject
Project("{8BC9CEB8-8B4A-11D0-8D11-00A0C91BC942}") = "OPNplug-AE", "OPNplug-AE.vcxproj", "{E967E756-E59D-3CF2-8A1B-DB6CF9F5A45C}"
	ProjectSection(ProjectDependencies) = postProject
		{F8AA75F7-65CF-3129-B9FC-1B5D38A43D96} = {F8AA75F7-65CF-3129-B9FC-1B5D38A43D96}
		{3D7947AB-DEF8-3277-90A6-CF5772DD86A6} = {3D7947AB-DEF8-3277-90A6-CF5772DD86A6}
		{137DDB8D-CB62-3256-963F-7879FCCBD36A} = {137DDB8D-CB62-3256-963F-7879FCCBD36A}
		{EEBB10C8-9141-3E3F-9B4F-FC09FE948100} = {EEBB10C8-9141-3E3F-9B4F-FC09FE948100}
		{C8CDB591-9098-30DB-8DE2-A45F35D60445} = {C8CDB591-9098-30DB-8DE2-A45F35D60445}
		{6F130E42-CCCB-3E5A-9F71-903269D77EC8} = {6F130E42-CCCB-3E5A-9F71-903269D77EC8}
	EndProjectSection
EndProject
Project("{8BC9CEB8-8B4A-11D0-8D11-00A0C91BC942}") = "OPNplug-AE_All", "OPNplug-AE_All.vcxproj", "{7C797639-C0B7-33DA-8194-C039213D10DD}"
	ProjectSection(ProjectDependencies) = postProject
		{496444E2-3782-3236-9EED-12D411571E72} = {496444E2-3782-3236-9EED-12D411571E72}
		{0208EA8D-C7F2-3F3F-86BC-60B6D41A7B8F} = {0208EA8D-C7F2-3F3F-86BC-60B6D41A7B8F}
		{A43B7D82-370A-31F8-9772-384583D7E447} = {A43B7D82-370A-31F8-9772-384583D7E447}
		{137DDB8D-CB62-3256-963F-7879FCCBD36A} = {137DDB8D-CB62-3256-963F-7879FCCBD36A}
	EndProjectSection
EndProject
Project("{8BC9CEB8-8B4A-11D0-8D11-00A0C91BC942}") = "OPNplug-AE_CLAP", "OPNplug-AE_CLAP.vcxproj", "{BA44D44D-3978-3C5E-81DE-4EDE289D679E}"
	ProjectSection(ProjectDependencies) = postProject
		{F8AA75F7-65CF-3129-B9FC-1B5D38A43D96} = {F8AA75F7-65CF-3129-B9FC-1B5D38A43D96}
		{3D7947AB-DEF8-3277-90A6-CF5772DD86A6} = {3D7947AB-DEF8-3277-90A6-CF5772DD86A6}
		{E967E756-E59D-3CF2-8A1B-DB6CF9F5A45C} = {E967E756-E59D-3CF2-8A1B-DB6CF9F5A45C}
		{137DDB8D-CB62-3256-963F-7879FCCBD36A} = {137DDB8D-CB62-3256-963F-7879FCCBD36A}
		{EEBB10C8-9141-3E3F-9B4F-FC09FE948100} = {EEBB10C8-9141-3E3F-9B4F-FC09FE948100}
		{C8CDB591-9098-30DB-8DE2-A45F35D60445} = {C8CDB591-9098-30DB-8DE2-A45F35D60445}
		{6F130E42-CCCB-3E5A-9F71-903269D77EC8} = {6F130E42-CCCB-3E5A-9F71-903269D77EC8}
	EndProjectSection
EndProject
Project("{8BC9CEB8-8B4A-11D0-8D11-00A0C91BC942}") = "OPNplug-AE_LV2", "OPNplug-AE_LV2.vcxproj", "{496444E2-3782-3236-9EED-12D411571E72}"
	ProjectSection(ProjectDependencies) = postProject
		{F8AA75F7-65CF-3129-B9FC-1B5D38A43D96} = {F8AA75F7-65CF-3129-B9FC-1B5D38A43D96}
		{3D7947AB-DEF8-3277-90A6-CF5772DD86A6} = {3D7947AB-DEF8-3277-90A6-CF5772DD86A6}
		{E967E756-E59D-3CF2-8A1B-DB6CF9F5A45C} = {E967E756-E59D-3CF2-8A1B-DB6CF9F5A45C}
		{F850B190-C900-33D2-88B3-771D99777613} = {F850B190-C900-33D2-88B3-771D99777613}
		{137DDB8D-CB62-3256-963F-7879FCCBD36A} = {137DDB8D-CB62-3256-963F-7879FCCBD36A}
		{EEBB10C8-9141-3E3F-9B4F-FC09FE948100} = {EEBB10C8-9141-3E3F-9B4F-FC09FE948100}
		{623212AE-CB92-3B93-BF61-E3514783480E} = {623212AE-CB92-3B93-BF61-E3514783480E}
		{C8CDB591-9098-30DB-8DE2-A45F35D60445} = {C8CDB591-9098-30DB-8DE2-A45F35D60445}
		{6F130E42-CCCB-3E5A-9F71-903269D77EC8} = {6F130E42-CCCB-3E5A-9F71-903269D77EC8}
	EndProjectSection
EndProject
Project("{8BC9CEB8-8B4A-11D0-8D11-00A0C91BC942}") = "OPNplug-AE_Standalone", "OPNplug-AE_Standalone.vcxproj", "{0208EA8D-C7F2-3F3F-86BC-60B6D41A7B8F}"
	ProjectSection(ProjectDependencies) = postProject
		{F8AA75F7-65CF-3129-B9FC-1B5D38A43D96} = {F8AA75F7-65CF-3129-B9FC-1B5D38A43D96}
		{3D7947AB-DEF8-3277-90A6-CF5772DD86A6} = {3D7947AB-DEF8-3277-90A6-CF5772DD86A6}
		{E967E756-E59D-3CF2-8A1B-DB6CF9F5A45C} = {E967E756-E59D-3CF2-8A1B-DB6CF9F5A45C}
		{F850B190-C900-33D2-88B3-771D99777613} = {F850B190-C900-33D2-88B3-771D99777613}
		{137DDB8D-CB62-3256-963F-7879FCCBD36A} = {137DDB8D-CB62-3256-963F-7879FCCBD36A}
		{EEBB10C8-9141-3E3F-9B4F-FC09FE948100} = {EEBB10C8-9141-3E3F-9B4F-FC09FE948100}
		{C8CDB591-9098-30DB-8DE2-A45F35D60445} = {C8CDB591-9098-30DB-8DE2-A45F35D60445}
		{6F130E42-CCCB-3E5A-9F71-903269D77EC8} = {6F130E42-CCCB-3E5A-9F71-903269D77EC8}
	EndProjectSection
EndProject
Project("{8BC9CEB8-8B4A-11D0-8D11-00A0C91BC942}") = "OPNplug-AE_VST3", "OPNplug-AE_VST3.vcxproj", "{A43B7D82-370A-31F8-9772-384583D7E447}"
	ProjectSection(ProjectDependencies) = postProject
		{F8AA75F7-65CF-3129-B9FC-1B5D38A43D96} = {F8AA75F7-65CF-3129-B9FC-1B5D38A43D96}
		{3D7947AB-DEF8-3277-90A6-CF5772DD86A6} = {3D7947AB-DEF8-3277-90A6-CF5772DD86A6}
		{E967E756-E59D-3CF2-8A1B-DB6CF9F5A45C} = {E967E756-E59D-3CF2-8A1B-DB6CF9F5A45C}
		{F850B190-C900-33D2-88B3-771D99777613} = {F850B190-C900-33D2-88B3-771D99777613}
		{137DDB8D-CB62-3256-963F-7879FCCBD36A} = {137DDB8D-CB62-3256-963F-7879FCCBD36A}
		{EEBB10C8-9141-3E3F-9B4F-FC09FE948100} = {EEBB10C8-9141-3E3F-9B4F-FC09FE948100}
		{B9FC82B4-8DFE-37B1-A49F-903041914669} = {B9FC82B4-8DFE-37B1-A49F-903041914669}
		{C8CDB591-9098-30DB-8DE2-A45F35D60445} = {C8CDB591-9098-30DB-8DE2-A45F35D60445}
		{6F130E42-CCCB-3E5A-9F71-903269D77EC8} = {6F130E42-CCCB-3E5A-9F71-903269D77EC8}
	EndProjectSection
EndProject
Project("{8BC9CEB8-8B4A-11D0-8D11-00A0C91BC942}") = "OPNplug-AE_rc_lib", "OPNplug-AE_rc_lib.vcxproj", "{F850B190-C900-33D2-88B3-771D99777613}"
	ProjectSection(ProjectDependencies) = postProject
		{137DDB8D-CB62-3256-963F-7879FCCBD36A} = {137DDB8D-CB62-3256-963F-7879FCCBD36A}
	EndProjectSection
EndProject
Project("{8BC9CEB8-8B4A-11D0-8D11-00A0C91BC942}") = "ZERO_CHECK", "ZERO_CHECK.vcxproj", "{137DDB8D-CB62-3256-963F-7879FCCBD36A}"
	ProjectSection(ProjectDependencies) = postProject
	EndProjectSection
EndProject
Project("{8BC9CEB8-8B4A-11D0-8D11-00A0C91BC942}") = "clap_juce_extensions", "external\clap-juce-extensions\clap_juce_extensions.vcxproj", "{EEBB10C8-9141-3E3F-9B4F-FC09FE948100}"
	ProjectSection(ProjectDependencies) = postProject
		{137DDB8D-CB62-3256-963F-7879FCCBD36A} = {137DDB8D-CB62-3256-963F-7879FCCBD36A}
	EndProjectSection
EndProject
Project("{8BC9CEB8-8B4A-11D0-8D11-00A0C91BC942}") = "juce_lv2_helper", "juce_lv2_helper.vcxproj", "{623212AE-CB92-3B93-BF61-E3514783480E}"
	ProjectSection(ProjectDependencies) = postProject
		{137DDB8D-CB62-3256-963F-7879FCCBD36A} = {137DDB8D-CB62-3256-963F-7879FCCBD36A}
	EndProjectSection
EndProject
Project("{8BC9CEB8-8B4A-11D0-8D11-00A0C91BC942}") = "juce_vst3_helper", "juce_vst3_helper.vcxproj", "{B9FC82B4-8DFE-37B1-A49F-903041914669}"
	ProjectSection(ProjectDependencies) = postProject
		{137DDB8D-CB62-3256-963F-7879FCCBD36A} = {137DDB8D-CB62-3256-963F-7879FCCBD36A}
	EndProjectSection
EndProject
Project("{8BC9CEB8-8B4A-11D0-8D11-00A0C91BC942}") = "simple-ini", "simple-ini.vcxproj", "{C8CDB591-9098-30DB-8DE2-A45F35D60445}"
	ProjectSection(ProjectDependencies) = postProject
		{137DDB8D-CB62-3256-963F-7879FCCBD36A} = {137DDB8D-CB62-3256-963F-7879FCCBD36A}
	EndProjectSection
EndProject
Project("{8BC9CEB8-8B4A-11D0-8D11-00A0C91BC942}") = "wopl", "wopl.vcxproj", "{8DF42FE6-A146-31DE-B310-0ABA7089DAE0}"
	ProjectSection(ProjectDependencies) = postProject
		{137DDB8D-CB62-3256-963F-7879FCCBD36A} = {137DDB8D-CB62-3256-963F-7879FCCBD36A}
	EndProjectSection
EndProject
Project("{8BC9CEB8-8B4A-11D0-8D11-00A0C91BC942}") = "wopn", "wopn.vcxproj", "{6F130E42-CCCB-3E5A-9F71-903269D77EC8}"
	ProjectSection(ProjectDependencies) = postProject
		{137DDB8D-CB62-3256-963F-7879FCCBD36A} = {137DDB8D-CB62-3256-963F-7879FCCBD36A}
	EndProjectSection
EndProject
Global
	GlobalSection(SolutionConfigurationPlatforms) = preSolution
		Debug|x64 = Debug|x64
		Release|x64 = Release|x64
		MinSizeRel|x64 = MinSizeRel|x64
		RelWithDebInfo|x64 = RelWithDebInfo|x64
	EndGlobalSection
	GlobalSection(ProjectConfigurationPlatforms) = postSolution
		{05158B14-0821-340B-B01C-DAD1DFB2C93E}.Debug|x64.ActiveCfg = Debug|x64
		{05158B14-0821-340B-B01C-DAD1DFB2C93E}.Debug|x64.Build.0 = Debug|x64
		{05158B14-0821-340B-B01C-DAD1DFB2C93E}.Release|x64.ActiveCfg = Release|x64
		{05158B14-0821-340B-B01C-DAD1DFB2C93E}.Release|x64.Build.0 = Release|x64
		{05158B14-0821-340B-B01C-DAD1DFB2C93E}.MinSizeRel|x64.ActiveCfg = MinSizeRel|x64
		{05158B14-0821-340B-B01C-DAD1DFB2C93E}.MinSizeRel|x64.Build.0 = MinSizeRel|x64
		{05158B14-0821-340B-B01C-DAD1DFB2C93E}.RelWithDebInfo|x64.ActiveCfg = RelWithDebInfo|x64
		{05158B14-0821-340B-B01C-DAD1DFB2C93E}.RelWithDebInfo|x64.Build.0 = RelWithDebInfo|x64
		{1F31A46A-C752-3FDA-9F17-5E373B4A8EE0}.Debug|x64.ActiveCfg = Debug|x64
		{1F31A46A-C752-3FDA-9F17-5E373B4A8EE0}.Debug|x64.Build.0 = Debug|x64
		{1F31A46A-C752-3FDA-9F17-5E373B4A8EE0}.Release|x64.ActiveCfg = Release|x64
		{1F31A46A-C752-3FDA-9F17-5E373B4A8EE0}.Release|x64.Build.0 = Release|x64
		{1F31A46A-C752-3FDA-9F17-5E373B4A8EE0}.MinSizeRel|x64.ActiveCfg = MinSizeRel|x64
		{1F31A46A-C752-3FDA-9F17-5E373B4A8EE0}.MinSizeRel|x64.Build.0 = MinSizeRel|x64
		{1F31A46A-C752-3FDA-9F17-5E373B4A8EE0}.RelWithDebInfo|x64.ActiveCfg = RelWithDebInfo|x64
		{1F31A46A-C752-3FDA-9F17-5E373B4A8EE0}.RelWithDebInfo|x64.Build.0 = RelWithDebInfo|x64
		{D1E30597-61F4-3E42-A2DB-DBB1AC195E03}.Debug|x64.ActiveCfg = Debug|x64
		{D1E30597-61F4-3E42-A2DB-DBB1AC195E03}.Debug|x64.Build.0 = Debug|x64
		{D1E30597-61F4-3E42-A2DB-DBB1AC195E03}.Release|x64.ActiveCfg = Release|x64
		{D1E30597-61F4-3E42-A2DB-DBB1AC195E03}.Release|x64.Build.0 = Release|x64
		{D1E30597-61F4-3E42-A2DB-DBB1AC195E03}.MinSizeRel|x64.ActiveCfg = MinSizeRel|x64
		{D1E30597-61F4-3E42-A2DB-DBB1AC195E03}.MinSizeRel|x64.Build.0 = MinSizeRel|x64
		{D1E30597-61F4-3E42-A2DB-DBB1AC195E03}.RelWithDebInfo|x64.ActiveCfg = RelWithDebInfo|x64
		{D1E30597-61F4-3E42-A2DB-DBB1AC195E03}.RelWithDebInfo|x64.Build.0 = RelWithDebInfo|x64
		{73FDA135-732D-3BBC-8A68-A62A171C1CC6}.Debug|x64.ActiveCfg = Debug|x64
		{73FDA135-732D-3BBC-8A68-A62A171C1CC6}.Release|x64.ActiveCfg = Release|x64
		{73FDA135-732D-3BBC-8A68-A62A171C1CC6}.MinSizeRel|x64.ActiveCfg = MinSizeRel|x64
		{73FDA135-732D-3BBC-8A68-A62A171C1CC6}.RelWithDebInfo|x64.ActiveCfg = RelWithDebInfo|x64
		{3C34987E-C475-3062-B818-0C0265031468}.Debug|x64.ActiveCfg = Debug|x64
		{3C34987E-C475-3062-B818-0C0265031468}.Debug|x64.Build.0 = Debug|x64
		{3C34987E-C475-3062-B818-0C0265031468}.Release|x64.ActiveCfg = Release|x64
		{3C34987E-C475-3062-B818-0C0265031468}.Release|x64.Build.0 = Release|x64
		{3C34987E-C475-3062-B818-0C0265031468}.MinSizeRel|x64.ActiveCfg = MinSizeRel|x64
		{3C34987E-C475-3062-B818-0C0265031468}.MinSizeRel|x64.Build.0 = MinSizeRel|x64
		{3C34987E-C475-3062-B818-0C0265031468}.RelWithDebInfo|x64.ActiveCfg = RelWithDebInfo|x64
		{3C34987E-C475-3062-B818-0C0265031468}.RelWithDebInfo|x64.Build.0 = RelWithDebInfo|x64
		{6D71A144-DA69-3D8C-9D2C-A3E3623CC7A7}.Debug|x64.ActiveCfg = Debug|x64
		{6D71A144-DA69-3D8C-9D2C-A3E3623CC7A7}.Debug|x64.Build.0 = Debug|x64
		{6D71A144-DA69-3D8C-9D2C-A3E3623CC7A7}.Release|x64.ActiveCfg = Release|x64
		{6D71A144-DA69-3D8C-9D2C-A3E3623CC7A7}.Release|x64.Build.0 = Release|x64
		{6D71A144-DA69-3D8C-9D2C-A3E3623CC7A7}.MinSizeRel|x64.ActiveCfg = MinSizeRel|x64
		{6D71A144-DA69-3D8C-9D2C-A3E3623CC7A7}.MinSizeRel|x64.Build.0 = MinSizeRel|x64
		{6D71A144-DA69-3D8C-9D2C-A3E3623CC7A7}.RelWithDebInfo|x64.ActiveCfg = RelWithDebInfo|x64
		{6D71A144-DA69-3D8C-9D2C-A3E3623CC7A7}.RelWithDebInfo|x64.Build.0 = RelWithDebInfo|x64
		{402C4187-F65C-39BF-9D81-456BD8DFE0D6}.Debug|x64.ActiveCfg = Debug|x64
		{402C4187-F65C-39BF-9D81-456BD8DFE0D6}.Debug|x64.Build.0 = Debug|x64
		{402C4187-F65C-39BF-9D81-456BD8DFE0D6}.Release|x64.ActiveCfg = Release|x64
		{402C4187-F65C-39BF-9D81-456BD8DFE0D6}.Release|x64.Build.0 = Release|x64
		{402C4187-F65C-39BF-9D81-456BD8DFE0D6}.MinSizeRel|x64.ActiveCfg = MinSizeRel|x64
		{402C4187-F65C-39BF-9D81-456BD8DFE0D6}.MinSizeRel|x64.Build.0 = MinSizeRel|x64
		{402C4187-F65C-39BF-9D81-456BD8DFE0D6}.RelWithDebInfo|x64.ActiveCfg = RelWithDebInfo|x64
		{402C4187-F65C-39BF-9D81-456BD8DFE0D6}.RelWithDebInfo|x64.Build.0 = RelWithDebInfo|x64
		{62A557C4-D61E-3556-ADB9-696B3CE7C1FB}.Debug|x64.ActiveCfg = Debug|x64
		{62A557C4-D61E-3556-ADB9-696B3CE7C1FB}.Debug|x64.Build.0 = Debug|x64
		{62A557C4-D61E-3556-ADB9-696B3CE7C1FB}.Release|x64.ActiveCfg = Release|x64
		{62A557C4-D61E-3556-ADB9-696B3CE7C1FB}.Release|x64.Build.0 = Release|x64
		{62A557C4-D61E-3556-ADB9-696B3CE7C1FB}.MinSizeRel|x64.ActiveCfg = MinSizeRel|x64
		{62A557C4-D61E-3556-ADB9-696B3CE7C1FB}.MinSizeRel|x64.Build.0 = MinSizeRel|x64
		{62A557C4-D61E-3556-ADB9-696B3CE7C1FB}.RelWithDebInfo|x64.ActiveCfg = RelWithDebInfo|x64
		{62A557C4-D61E-3556-ADB9-696B3CE7C1FB}.RelWithDebInfo|x64.Build.0 = RelWithDebInfo|x64
		{4C5B0001-5F5D-3A7C-ACBD-009B8EEC9C33}.Debug|x64.ActiveCfg = Debug|x64
		{4C5B0001-5F5D-3A7C-ACBD-009B8EEC9C33}.Debug|x64.Build.0 = Debug|x64
		{4C5B0001-5F5D-3A7C-ACBD-009B8EEC9C33}.Release|x64.ActiveCfg = Release|x64
		{4C5B0001-5F5D-3A7C-ACBD-009B8EEC9C33}.Release|x64.Build.0 = Release|x64
		{4C5B0001-5F5D-3A7C-ACBD-009B8EEC9C33}.MinSizeRel|x64.ActiveCfg = MinSizeRel|x64
		{4C5B0001-5F5D-3A7C-ACBD-009B8EEC9C33}.MinSizeRel|x64.Build.0 = MinSizeRel|x64
		{4C5B0001-5F5D-3A7C-ACBD-009B8EEC9C33}.RelWithDebInfo|x64.ActiveCfg = RelWithDebInfo|x64
		{4C5B0001-5F5D-3A7C-ACBD-009B8EEC9C33}.RelWithDebInfo|x64.Build.0 = RelWithDebInfo|x64
		{F8AA75F7-65CF-3129-B9FC-1B5D38A43D96}.Debug|x64.ActiveCfg = Debug|x64
		{F8AA75F7-65CF-3129-B9FC-1B5D38A43D96}.Debug|x64.Build.0 = Debug|x64
		{F8AA75F7-65CF-3129-B9FC-1B5D38A43D96}.Release|x64.ActiveCfg = Release|x64
		{F8AA75F7-65CF-3129-B9FC-1B5D38A43D96}.Release|x64.Build.0 = Release|x64
		{F8AA75F7-65CF-3129-B9FC-1B5D38A43D96}.MinSizeRel|x64.ActiveCfg = MinSizeRel|x64
		{F8AA75F7-65CF-3129-B9FC-1B5D38A43D96}.MinSizeRel|x64.Build.0 = MinSizeRel|x64
		{F8AA75F7-65CF-3129-B9FC-1B5D38A43D96}.RelWithDebInfo|x64.ActiveCfg = RelWithDebInfo|x64
		{F8AA75F7-65CF-3129-B9FC-1B5D38A43D96}.RelWithDebInfo|x64.Build.0 = RelWithDebInfo|x64
		{61D2CEEB-FDC3-3D67-9651-39E6F0708B15}.Debug|x64.ActiveCfg = Debug|x64
		{61D2CEEB-FDC3-3D67-9651-39E6F0708B15}.Release|x64.ActiveCfg = Release|x64
		{61D2CEEB-FDC3-3D67-9651-39E6F0708B15}.MinSizeRel|x64.ActiveCfg = MinSizeRel|x64
		{61D2CEEB-FDC3-3D67-9651-39E6F0708B15}.RelWithDebInfo|x64.ActiveCfg = RelWithDebInfo|x64
		{3D7947AB-DEF8-3277-90A6-CF5772DD86A6}.Debug|x64.ActiveCfg = Debug|x64
		{3D7947AB-DEF8-3277-90A6-CF5772DD86A6}.Debug|x64.Build.0 = Debug|x64
		{3D7947AB-DEF8-3277-90A6-CF5772DD86A6}.Release|x64.ActiveCfg = Release|x64
		{3D7947AB-DEF8-3277-90A6-CF5772DD86A6}.Release|x64.Build.0 = Release|x64
		{3D7947AB-DEF8-3277-90A6-CF5772DD86A6}.MinSizeRel|x64.ActiveCfg = MinSizeRel|x64
		{3D7947AB-DEF8-3277-90A6-CF5772DD86A6}.MinSizeRel|x64.Build.0 = MinSizeRel|x64
		{3D7947AB-DEF8-3277-90A6-CF5772DD86A6}.RelWithDebInfo|x64.ActiveCfg = RelWithDebInfo|x64
		{3D7947AB-DEF8-3277-90A6-CF5772DD86A6}.RelWithDebInfo|x64.Build.0 = RelWithDebInfo|x64
		{E967E756-E59D-3CF2-8A1B-DB6CF9F5A45C}.Debug|x64.ActiveCfg = Debug|x64
		{E967E756-E59D-3CF2-8A1B-DB6CF9F5A45C}.Debug|x64.Build.0 = Debug|x64
		{E967E756-E59D-3CF2-8A1B-DB6CF9F5A45C}.Release|x64.ActiveCfg = Release|x64
		{E967E756-E59D-3CF2-8A1B-DB6CF9F5A45C}.Release|x64.Build.0 = Release|x64
		{E967E756-E59D-3CF2-8A1B-DB6CF9F5A45C}.MinSizeRel|x64.ActiveCfg = MinSizeRel|x64
		{E967E756-E59D-3CF2-8A1B-DB6CF9F5A45C}.MinSizeRel|x64.Build.0 = MinSizeRel|x64
		{E967E756-E59D-3CF2-8A1B-DB6CF9F5A45C}.RelWithDebInfo|x64.ActiveCfg = RelWithDebInfo|x64
		{E967E756-E59D-3CF2-8A1B-DB6CF9F5A45C}.RelWithDebInfo|x64.Build.0 = RelWithDebInfo|x64
		{7C797639-C0B7-33DA-8194-C039213D10DD}.Debug|x64.ActiveCfg = Debug|x64
		{7C797639-C0B7-33DA-8194-C039213D10DD}.Release|x64.ActiveCfg = Release|x64
		{7C797639-C0B7-33DA-8194-C039213D10DD}.MinSizeRel|x64.ActiveCfg = MinSizeRel|x64
		{7C797639-C0B7-33DA-8194-C039213D10DD}.RelWithDebInfo|x64.ActiveCfg = RelWithDebInfo|x64
		{BA44D44D-3978-3C5E-81DE-4EDE289D679E}.Debug|x64.ActiveCfg = Debug|x64
		{BA44D44D-3978-3C5E-81DE-4EDE289D679E}.Debug|x64.Build.0 = Debug|x64
		{BA44D44D-3978-3C5E-81DE-4EDE289D679E}.Release|x64.ActiveCfg = Release|x64
		{BA44D44D-3978-3C5E-81DE-4EDE289D679E}.Release|x64.Build.0 = Release|x64
		{BA44D44D-3978-3C5E-81DE-4EDE289D679E}.MinSizeRel|x64.ActiveCfg = MinSizeRel|x64
		{BA44D44D-3978-3C5E-81DE-4EDE289D679E}.MinSizeRel|x64.Build.0 = MinSizeRel|x64
		{BA44D44D-3978-3C5E-81DE-4EDE289D679E}.RelWithDebInfo|x64.ActiveCfg = RelWithDebInfo|x64
		{BA44D44D-3978-3C5E-81DE-4EDE289D679E}.RelWithDebInfo|x64.Build.0 = RelWithDebInfo|x64
		{496444E2-3782-3236-9EED-12D411571E72}.Debug|x64.ActiveCfg = Debug|x64
		{496444E2-3782-3236-9EED-12D411571E72}.Debug|x64.Build.0 = Debug|x64
		{496444E2-3782-3236-9EED-12D411571E72}.Release|x64.ActiveCfg = Release|x64
		{496444E2-3782-3236-9EED-12D411571E72}.Release|x64.Build.0 = Release|x64
		{496444E2-3782-3236-9EED-12D411571E72}.MinSizeRel|x64.ActiveCfg = MinSizeRel|x64
		{496444E2-3782-3236-9EED-12D411571E72}.MinSizeRel|x64.Build.0 = MinSizeRel|x64
		{496444E2-3782-3236-9EED-12D411571E72}.RelWithDebInfo|x64.ActiveCfg = RelWithDebInfo|x64
		{496444E2-3782-3236-9EED-12D411571E72}.RelWithDebInfo|x64.Build.0 = RelWithDebInfo|x64
		{0208EA8D-C7F2-3F3F-86BC-60B6D41A7B8F}.Debug|x64.ActiveCfg = Debug|x64
		{0208EA8D-C7F2-3F3F-86BC-60B6D41A7B8F}.Debug|x64.Build.0 = Debug|x64
		{0208EA8D-C7F2-3F3F-86BC-60B6D41A7B8F}.Release|x64.ActiveCfg = Release|x64
		{0208EA8D-C7F2-3F3F-86BC-60B6D41A7B8F}.Release|x64.Build.0 = Release|x64
		{0208EA8D-C7F2-3F3F-86BC-60B6D41A7B8F}.MinSizeRel|x64.ActiveCfg = MinSizeRel|x64
		{0208EA8D-C7F2-3F3F-86BC-60B6D41A7B8F}.MinSizeRel|x64.Build.0 = MinSizeRel|x64
		{0208EA8D-C7F2-3F3F-86BC-60B6D41A7B8F}.RelWithDebInfo|x64.ActiveCfg = RelWithDebInfo|x64
		{0208EA8D-C7F2-3F3F-86BC-60B6D41A7B8F}.RelWithDebInfo|x64.Build.0 = RelWithDebInfo|x64
		{A43B7D82-370A-31F8-9772-384583D7E447}.Debug|x64.ActiveCfg = Debug|x64
		{A43B7D82-370A-31F8-9772-384583D7E447}.Debug|x64.Build.0 = Debug|x64
		{A43B7D82-370A-31F8-9772-384583D7E447}.Release|x64.ActiveCfg = Release|x64
		{A43B7D82-370A-31F8-9772-384583D7E447}.Release|x64.Build.0 = Release|x64
		{A43B7D82-370A-31F8-9772-384583D7E447}.MinSizeRel|x64.ActiveCfg = MinSizeRel|x64
		{A43B7D82-370A-31F8-9772-384583D7E447}.MinSizeRel|x64.Build.0 = MinSizeRel|x64
		{A43B7D82-370A-31F8-9772-384583D7E447}.RelWithDebInfo|x64.ActiveCfg = RelWithDebInfo|x64
		{A43B7D82-370A-31F8-9772-384583D7E447}.RelWithDebInfo|x64.Build.0 = RelWithDebInfo|x64
		{F850B190-C900-33D2-88B3-771D99777613}.Debug|x64.ActiveCfg = Debug|x64
		{F850B190-C900-33D2-88B3-771D99777613}.Debug|x64.Build.0 = Debug|x64
		{F850B190-C900-33D2-88B3-771D99777613}.Release|x64.ActiveCfg = Release|x64
		{F850B190-C900-33D2-88B3-771D99777613}.Release|x64.Build.0 = Release|x64
		{F850B190-C900-33D2-88B3-771D99777613}.MinSizeRel|x64.ActiveCfg = MinSizeRel|x64
		{F850B190-C900-33D2-88B3-771D99777613}.MinSizeRel|x64.Build.0 = MinSizeRel|x64
		{F850B190-C900-33D2-88B3-771D99777613}.RelWithDebInfo|x64.ActiveCfg = RelWithDebInfo|x64
		{F850B190-C900-33D2-88B3-771D99777613}.RelWithDebInfo|x64.Build.0 = RelWithDebInfo|x64
		{137DDB8D-CB62-3256-963F-7879FCCBD36A}.Debug|x64.ActiveCfg = Debug|x64
		{137DDB8D-CB62-3256-963F-7879FCCBD36A}.Debug|x64.Build.0 = Debug|x64
		{137DDB8D-CB62-3256-963F-7879FCCBD36A}.Release|x64.ActiveCfg = Release|x64
		{137DDB8D-CB62-3256-963F-7879FCCBD36A}.Release|x64.Build.0 = Release|x64
		{137DDB8D-CB62-3256-963F-7879FCCBD36A}.MinSizeRel|x64.ActiveCfg = MinSizeRel|x64
		{137DDB8D-CB62-3256-963F-7879FCCBD36A}.MinSizeRel|x64.Build.0 = MinSizeRel|x64
		{137DDB8D-CB62-3256-963F-7879FCCBD36A}.RelWithDebInfo|x64.ActiveCfg = RelWithDebInfo|x64
		{137DDB8D-CB62-3256-963F-7879FCCBD36A}.RelWithDebInfo|x64.Build.0 = RelWithDebInfo|x64
		{EEBB10C8-9141-3E3F-9B4F-FC09FE948100}.Debug|x64.ActiveCfg = Debug|x64
		{EEBB10C8-9141-3E3F-9B4F-FC09FE948100}.Debug|x64.Build.0 = Debug|x64
		{EEBB10C8-9141-3E3F-9B4F-FC09FE948100}.Release|x64.ActiveCfg = Release|x64
		{EEBB10C8-9141-3E3F-9B4F-FC09FE948100}.Release|x64.Build.0 = Release|x64
		{EEBB10C8-9141-3E3F-9B4F-FC09FE948100}.MinSizeRel|x64.ActiveCfg = MinSizeRel|x64
		{EEBB10C8-9141-3E3F-9B4F-FC09FE948100}.MinSizeRel|x64.Build.0 = MinSizeRel|x64
		{EEBB10C8-9141-3E3F-9B4F-FC09FE948100}.RelWithDebInfo|x64.ActiveCfg = RelWithDebInfo|x64
		{EEBB10C8-9141-3E3F-9B4F-FC09FE948100}.RelWithDebInfo|x64.Build.0 = RelWithDebInfo|x64
		{623212AE-CB92-3B93-BF61-E3514783480E}.Debug|x64.ActiveCfg = Debug|x64
		{623212AE-CB92-3B93-BF61-E3514783480E}.Debug|x64.Build.0 = Debug|x64
		{623212AE-CB92-3B93-BF61-E3514783480E}.Release|x64.ActiveCfg = Release|x64
		{623212AE-CB92-3B93-BF61-E3514783480E}.Release|x64.Build.0 = Release|x64
		{623212AE-CB92-3B93-BF61-E3514783480E}.MinSizeRel|x64.ActiveCfg = MinSizeRel|x64
		{623212AE-CB92-3B93-BF61-E3514783480E}.MinSizeRel|x64.Build.0 = MinSizeRel|x64
		{623212AE-CB92-3B93-BF61-E3514783480E}.RelWithDebInfo|x64.ActiveCfg = RelWithDebInfo|x64
		{623212AE-CB92-3B93-BF61-E3514783480E}.RelWithDebInfo|x64.Build.0 = RelWithDebInfo|x64
		{B9FC82B4-8DFE-37B1-A49F-903041914669}.Debug|x64.ActiveCfg = Debug|x64
		{B9FC82B4-8DFE-37B1-A49F-903041914669}.Debug|x64.Build.0 = Debug|x64
		{B9FC82B4-8DFE-37B1-A49F-903041914669}.Release|x64.ActiveCfg = Release|x64
		{B9FC82B4-8DFE-37B1-A49F-903041914669}.Release|x64.Build.0 = Release|x64
		{B9FC82B4-8DFE-37B1-A49F-903041914669}.MinSizeRel|x64.ActiveCfg = MinSizeRel|x64
		{B9FC82B4-8DFE-37B1-A49F-903041914669}.MinSizeRel|x64.Build.0 = MinSizeRel|x64
		{B9FC82B4-8DFE-37B1-A49F-903041914669}.RelWithDebInfo|x64.ActiveCfg = RelWithDebInfo|x64
		{B9FC82B4-8DFE-37B1-A49F-903041914669}.RelWithDebInfo|x64.Build.0 = RelWithDebInfo|x64
		{C8CDB591-9098-30DB-8DE2-A45F35D60445}.Debug|x64.ActiveCfg = Debug|x64
		{C8CDB591-9098-30DB-8DE2-A45F35D60445}.Debug|x64.Build.0 = Debug|x64
		{C8CDB591-9098-30DB-8DE2-A45F35D60445}.Release|x64.ActiveCfg = Release|x64
		{C8CDB591-9098-30DB-8DE2-A45F35D60445}.Release|x64.Build.0 = Release|x64
		{C8CDB591-9098-30DB-8DE2-A45F35D60445}.MinSizeRel|x64.ActiveCfg = MinSizeRel|x64
		{C8CDB591-9098-30DB-8DE2-A45F35D60445}.MinSizeRel|x64.Build.0 = MinSizeRel|x64
		{C8CDB591-9098-30DB-8DE2-A45F35D60445}.RelWithDebInfo|x64.ActiveCfg = RelWithDebInfo|x64
		{C8CDB591-9098-30DB-8DE2-A45F35D60445}.RelWithDebInfo|x64.Build.0 = RelWithDebInfo|x64
		{8DF42FE6-A146-31DE-B310-0ABA7089DAE0}.Debug|x64.ActiveCfg = Debug|x64
		{8DF42FE6-A146-31DE-B310-0ABA7089DAE0}.Debug|x64.Build.0 = Debug|x64
		{8DF42FE6-A146-31DE-B310-0ABA7089DAE0}.Release|x64.ActiveCfg = Release|x64
		{8DF42FE6-A146-31DE-B310-0ABA7089DAE0}.Release|x64.Build.0 = Release|x64
		{8DF42FE6-A146-31DE-B310-0ABA7089DAE0}.MinSizeRel|x64.ActiveCfg = MinSizeRel|x64
		{8DF42FE6-A146-31DE-B310-0ABA7089DAE0}.MinSizeRel|x64.Build.0 = MinSizeRel|x64
		{8DF42FE6-A146-31DE-B310-0ABA7089DAE0}.RelWithDebInfo|x64.ActiveCfg = RelWithDebInfo|x64
		{8DF42FE6-A146-31DE-B310-0ABA7089DAE0}.RelWithDebInfo|x64.Build.0 = RelWithDebInfo|x64
		{6F130E42-CCCB-3E5A-9F71-903269D77EC8}.Debug|x64.ActiveCfg = Debug|x64
		{6F130E42-CCCB-3E5A-9F71-903269D77EC8}.Debug|x64.Build.0 = Debug|x64
		{6F130E42-CCCB-3E5A-9F71-903269D77EC8}.Release|x64.ActiveCfg = Release|x64
		{6F130E42-CCCB-3E5A-9F71-903269D77EC8}.Release|x64.Build.0 = Release|x64
		{6F130E42-CCCB-3E5A-9F71-903269D77EC8}.MinSizeRel|x64.ActiveCfg = MinSizeRel|x64
		{6F130E42-CCCB-3E5A-9F71-903269D77EC8}.MinSizeRel|x64.Build.0 = MinSizeRel|x64
		{6F130E42-CCCB-3E5A-9F71-903269D77EC8}.RelWithDebInfo|x64.ActiveCfg = RelWithDebInfo|x64
		{6F130E42-CCCB-3E5A-9F71-903269D77EC8}.RelWithDebInfo|x64.Build.0 = RelWithDebInfo|x64
	EndGlobalSection
	GlobalSection(NestedProjects) = preSolution
		{D1E30597-61F4-3E42-A2DB-DBB1AC195E03} = {75E11C1F-7537-364A-9174-F3FEDA40343F}
		{73FDA135-732D-3BBC-8A68-A62A171C1CC6} = {75E11C1F-7537-364A-9174-F3FEDA40343F}
		{6D71A144-DA69-3D8C-9D2C-A3E3623CC7A7} = {75E11C1F-7537-364A-9174-F3FEDA40343F}
		{402C4187-F65C-39BF-9D81-456BD8DFE0D6} = {75E11C1F-7537-364A-9174-F3FEDA40343F}
		{62A557C4-D61E-3556-ADB9-696B3CE7C1FB} = {75E11C1F-7537-364A-9174-F3FEDA40343F}
		{05158B14-0821-340B-B01C-DAD1DFB2C93E} = {A07C39C6-5D34-331C-A345-1E40F924B85E}
		{61D2CEEB-FDC3-3D67-9651-39E6F0708B15} = {A07C39C6-5D34-331C-A345-1E40F924B85E}
		{137DDB8D-CB62-3256-963F-7879FCCBD36A} = {A07C39C6-5D34-331C-A345-1E40F924B85E}
		{E967E756-E59D-3CF2-8A1B-DB6CF9F5A45C} = {D91CC4FE-0EE0-3E83-B120-B36C004C9AB9}
		{7C797639-C0B7-33DA-8194-C039213D10DD} = {D91CC4FE-0EE0-3E83-B120-B36C004C9AB9}
		{496444E2-3782-3236-9EED-12D411571E72} = {D91CC4FE-0EE0-3E83-B120-B36C004C9AB9}
		{0208EA8D-C7F2-3F3F-86BC-60B6D41A7B8F} = {D91CC4FE-0EE0-3E83-B120-B36C004C9AB9}
		{A43B7D82-370A-31F8-9772-384583D7E447} = {D91CC4FE-0EE0-3E83-B120-B36C004C9AB9}
	EndGlobalSection
	GlobalSection(ExtensibilityGlobals) = postSolution
		SolutionGuid = {D3555C5B-457F-3E17-9126-851F5628249E}
	EndGlobalSection
	GlobalSection(ExtensibilityAddIns) = postSolution
	EndGlobalSection
EndGlobal
