<?xml version="1.0" encoding="utf-8"?>
<Project ToolsVersion="17.0" xmlns="http://schemas.microsoft.com/developer/msbuild/2003">
  <ItemGroup>
    <CustomBuild Include="E:\Projects\Edge of Panic\ADLplug-AE\CMakeFiles\1ff9303d0fd944377e6430342428f1c3\generate.stamp.rule">
      <Filter>CMake Rules</Filter>
    </CustomBuild>
  </ItemGroup>
  <ItemGroup>
    <Filter Include="CMake Rules">
      <UniqueIdentifier>{1FEEFF38-3E9B-3D14-9CB1-94285D2CE4E6}</UniqueIdentifier>
    </Filter>
  </ItemGroup>
</Project>
